
Microsoft Visual Studio Solution File, Format Version 12.00
# Visual Studio 15
VisualStudioVersion = 15.0.26730.12
MinimumVisualStudioVersion = 10.0.40219.1
Project("{9A19103F-16F7-4668-BE54-9A1E7A4F7556}") = "TokenApp", "TokenApp\TokenApp.csproj", "{97296F6C-2B39-4CCF-8415-E03B4F770383}"
EndProject
Project("{FAE04EC0-301F-11D3-BF4B-00C04F79EFBC}") = "Models", "..\..\tot\todoList\Models\Models.csproj", "{B2001229-7313-4C58-83C4-BDD9B9822823}"
EndProject
Project("{FAE04EC0-301F-11D3-BF4B-00C04F79EFBC}") = "Model.Converters", "..\..\tot\todoList\Model.Converters\Model.Converters.csproj", "{1C7B3084-0283-49CF-8F8E-11723C92712B}"
EndProject
Project("{FAE04EC0-301F-11D3-BF4B-00C04F79EFBC}") = "Client.Models", "..\..\tot\todoList\Client.Models\Client.Models.csproj", "{8AEFBD7C-A0DE-43B2-83BF-DF48DB642FEE}"
EndProject
Global
	GlobalSection(SolutionConfigurationPlatforms) = preSolution
		Debug|Any CPU = Debug|Any CPU
		Release|Any CPU = Release|Any CPU
	EndGlobalSection
	GlobalSection(ProjectConfigurationPlatforms) = postSolution
		{97296F6C-2B39-4CCF-8415-E03B4F770383}.Debug|Any CPU.ActiveCfg = Debug|Any CPU
		{97296F6C-2B39-4CCF-8415-E03B4F770383}.Debug|Any CPU.Build.0 = Debug|Any CPU
		{97296F6C-2B39-4CCF-8415-E03B4F770383}.Release|Any CPU.ActiveCfg = Release|Any CPU
		{97296F6C-2B39-4CCF-8415-E03B4F770383}.Release|Any CPU.Build.0 = Release|Any CPU
		{B2001229-7313-4C58-83C4-BDD9B9822823}.Debug|Any CPU.ActiveCfg = Debug|Any CPU
		{B2001229-7313-4C58-83C4-BDD9B9822823}.Debug|Any CPU.Build.0 = Debug|Any CPU
		{B2001229-7313-4C58-83C4-BDD9B9822823}.Release|Any CPU.ActiveCfg = Release|Any CPU
		{B2001229-7313-4C58-83C4-BDD9B9822823}.Release|Any CPU.Build.0 = Release|Any CPU
		{1C7B3084-0283-49CF-8F8E-11723C92712B}.Debug|Any CPU.ActiveCfg = Debug|Any CPU
		{1C7B3084-0283-49CF-8F8E-11723C92712B}.Debug|Any CPU.Build.0 = Debug|Any CPU
		{1C7B3084-0283-49CF-8F8E-11723C92712B}.Release|Any CPU.ActiveCfg = Release|Any CPU
		{1C7B3084-0283-49CF-8F8E-11723C92712B}.Release|Any CPU.Build.0 = Release|Any CPU
		{8AEFBD7C-A0DE-43B2-83BF-DF48DB642FEE}.Debug|Any CPU.ActiveCfg = Debug|Any CPU
		{8AEFBD7C-A0DE-43B2-83BF-DF48DB642FEE}.Debug|Any CPU.Build.0 = Debug|Any CPU
		{8AEFBD7C-A0DE-43B2-83BF-DF48DB642FEE}.Release|Any CPU.ActiveCfg = Release|Any CPU
		{8AEFBD7C-A0DE-43B2-83BF-DF48DB642FEE}.Release|Any CPU.Build.0 = Release|Any CPU
	EndGlobalSection
	GlobalSection(SolutionProperties) = preSolution
		HideSolutionNode = FALSE
	EndGlobalSection
	GlobalSection(ExtensibilityGlobals) = postSolution
		SolutionGuid = {E15E874D-641C-458A-97DB-4CBEDCE85820}
	EndGlobalSection
EndGlobal
